
Microsoft Visual Studio Solution File, Format Version 12.00
# Visual Studio 2012
Project("{FAE04EC0-301F-11D3-BF4B-00C04F79EFBC}") = "RestFramework", "RestFramework\RestFramework.csproj", "{AA1259F2-DD70-4E20-A501-690093CD43A3}"
EndProject
Project("{FAE04EC0-301F-11D3-BF4B-00C04F79EFBC}") = "UnitTests", "UnitTests\UnitTests.csproj", "{EDC67ED7-E712-4B8F-80B1-033FCDFED876}"
EndProject
Project("{FAE04EC0-301F-11D3-BF4B-00C04F79EFBC}") = "TestClient", "TestClient\TestClient.csproj", "{00088314-8268-4674-B7C1-0090A1881844}"
EndProject
Project("{FAE04EC0-301F-11D3-BF4B-00C04F79EFBC}") = "Examples", "Examples\Examples.csproj", "{7DD6104C-F235-458A-AA8C-BA9514540267}"
EndProject
Project("{FAE04EC0-301F-11D3-BF4B-00C04F79EFBC}") = "HttpdServer", "HttpdServer\HttpdServer.csproj", "{934918FD-0AFB-4896-9BFA-C51C379EE4A6}"
	ProjectSection(ProjectDependencies) = postProject
		{50A1CD40-8259-4D11-B450-02E1D680BC21} = {50A1CD40-8259-4D11-B450-02E1D680BC21}
	EndProjectSection
EndProject
Project("{8BC9CEB8-8B4A-11D0-8D11-00A0C91BC942}") = "CSockets", "CSockets\CSockets\CSockets\CSockets.vcxproj", "{50A1CD40-8259-4D11-B450-02E1D680BC21}"
EndProject
Global
	GlobalSection(SolutionConfigurationPlatforms) = preSolution
		Debug|Any CPU = Debug|Any CPU
		Debug|Mixed Platforms = Debug|Mixed Platforms
		Debug|Win32 = Debug|Win32
		Release|Any CPU = Release|Any CPU
		Release|Mixed Platforms = Release|Mixed Platforms
		Release|Win32 = Release|Win32
	EndGlobalSection
	GlobalSection(ProjectConfigurationPlatforms) = postSolution
		{AA1259F2-DD70-4E20-A501-690093CD43A3}.Debug|Any CPU.ActiveCfg = Debug|Any CPU
		{AA1259F2-DD70-4E20-A501-690093CD43A3}.Debug|Any CPU.Build.0 = Debug|Any CPU
		{AA1259F2-DD70-4E20-A501-690093CD43A3}.Debug|Mixed Platforms.ActiveCfg = Debug|Any CPU
		{AA1259F2-DD70-4E20-A501-690093CD43A3}.Debug|Mixed Platforms.Build.0 = Debug|Any CPU
		{AA1259F2-DD70-4E20-A501-690093CD43A3}.Debug|Win32.ActiveCfg = Debug|Any CPU
		{AA1259F2-DD70-4E20-A501-690093CD43A3}.Release|Any CPU.ActiveCfg = Release|Any CPU
		{AA1259F2-DD70-4E20-A501-690093CD43A3}.Release|Any CPU.Build.0 = Release|Any CPU
		{AA1259F2-DD70-4E20-A501-690093CD43A3}.Release|Mixed Platforms.ActiveCfg = Release|Any CPU
		{AA1259F2-DD70-4E20-A501-690093CD43A3}.Release|Mixed Platforms.Build.0 = Release|Any CPU
		{AA1259F2-DD70-4E20-A501-690093CD43A3}.Release|Win32.ActiveCfg = Release|Any CPU
		{EDC67ED7-E712-4B8F-80B1-033FCDFED876}.Debug|Any CPU.ActiveCfg = Debug|Any CPU
		{EDC67ED7-E712-4B8F-80B1-033FCDFED876}.Debug|Any CPU.Build.0 = Debug|Any CPU
		{EDC67ED7-E712-4B8F-80B1-033FCDFED876}.Debug|Mixed Platforms.ActiveCfg = Debug|Any CPU
		{EDC67ED7-E712-4B8F-80B1-033FCDFED876}.Debug|Mixed Platforms.Build.0 = Debug|Any CPU
		{EDC67ED7-E712-4B8F-80B1-033FCDFED876}.Debug|Win32.ActiveCfg = Debug|Any CPU
		{EDC67ED7-E712-4B8F-80B1-033FCDFED876}.Release|Any CPU.ActiveCfg = Release|Any CPU
		{EDC67ED7-E712-4B8F-80B1-033FCDFED876}.Release|Any CPU.Build.0 = Release|Any CPU
		{EDC67ED7-E712-4B8F-80B1-033FCDFED876}.Release|Mixed Platforms.ActiveCfg = Release|Any CPU
		{EDC67ED7-E712-4B8F-80B1-033FCDFED876}.Release|Mixed Platforms.Build.0 = Release|Any CPU
		{EDC67ED7-E712-4B8F-80B1-033FCDFED876}.Release|Win32.ActiveCfg = Release|Any CPU
		{00088314-8268-4674-B7C1-0090A1881844}.Debug|Any CPU.ActiveCfg = Debug|Any CPU
		{00088314-8268-4674-B7C1-0090A1881844}.Debug|Any CPU.Build.0 = Debug|Any CPU
		{00088314-8268-4674-B7C1-0090A1881844}.Debug|Mixed Platforms.ActiveCfg = Debug|Any CPU
		{00088314-8268-4674-B7C1-0090A1881844}.Debug|Mixed Platforms.Build.0 = Debug|Any CPU
		{00088314-8268-4674-B7C1-0090A1881844}.Debug|Win32.ActiveCfg = Debug|Any CPU
		{00088314-8268-4674-B7C1-0090A1881844}.Release|Any CPU.ActiveCfg = Release|Any CPU
		{00088314-8268-4674-B7C1-0090A1881844}.Release|Any CPU.Build.0 = Release|Any CPU
		{00088314-8268-4674-B7C1-0090A1881844}.Release|Mixed Platforms.ActiveCfg = Release|Any CPU
		{00088314-8268-4674-B7C1-0090A1881844}.Release|Mixed Platforms.Build.0 = Release|Any CPU
		{00088314-8268-4674-B7C1-0090A1881844}.Release|Win32.ActiveCfg = Release|Any CPU
		{7DD6104C-F235-458A-AA8C-BA9514540267}.Debug|Any CPU.ActiveCfg = Debug|Any CPU
		{7DD6104C-F235-458A-AA8C-BA9514540267}.Debug|Any CPU.Build.0 = Debug|Any CPU
		{7DD6104C-F235-458A-AA8C-BA9514540267}.Debug|Mixed Platforms.ActiveCfg = Debug|Any CPU
		{7DD6104C-F235-458A-AA8C-BA9514540267}.Debug|Mixed Platforms.Build.0 = Debug|Any CPU
		{7DD6104C-F235-458A-AA8C-BA9514540267}.Debug|Win32.ActiveCfg = Debug|Any CPU
		{7DD6104C-F235-458A-AA8C-BA9514540267}.Release|Any CPU.ActiveCfg = Release|Any CPU
		{7DD6104C-F235-458A-AA8C-BA9514540267}.Release|Any CPU.Build.0 = Release|Any CPU
		{7DD6104C-F235-458A-AA8C-BA9514540267}.Release|Mixed Platforms.ActiveCfg = Release|Any CPU
		{7DD6104C-F235-458A-AA8C-BA9514540267}.Release|Mixed Platforms.Build.0 = Release|Any CPU
		{7DD6104C-F235-458A-AA8C-BA9514540267}.Release|Win32.ActiveCfg = Release|Any CPU
		{934918FD-0AFB-4896-9BFA-C51C379EE4A6}.Debug|Any CPU.ActiveCfg = Debug|Any CPU
		{934918FD-0AFB-4896-9BFA-C51C379EE4A6}.Debug|Any CPU.Build.0 = Debug|Any CPU
		{934918FD-0AFB-4896-9BFA-C51C379EE4A6}.Debug|Mixed Platforms.ActiveCfg = Debug|Any CPU
		{934918FD-0AFB-4896-9BFA-C51C379EE4A6}.Debug|Mixed Platforms.Build.0 = Debug|Any CPU
		{934918FD-0AFB-4896-9BFA-C51C379EE4A6}.Debug|Win32.ActiveCfg = Debug|Any CPU
		{934918FD-0AFB-4896-9BFA-C51C379EE4A6}.Release|Any CPU.ActiveCfg = Release|Any CPU
		{934918FD-0AFB-4896-9BFA-C51C379EE4A6}.Release|Any CPU.Build.0 = Release|Any CPU
		{934918FD-0AFB-4896-9BFA-C51C379EE4A6}.Release|Mixed Platforms.ActiveCfg = Release|Any CPU
		{934918FD-0AFB-4896-9BFA-C51C379EE4A6}.Release|Mixed Platforms.Build.0 = Release|Any CPU
		{934918FD-0AFB-4896-9BFA-C51C379EE4A6}.Release|Win32.ActiveCfg = Release|Any CPU
		{50A1CD40-8259-4D11-B450-02E1D680BC21}.Debug|Any CPU.ActiveCfg = Debug|Win32
		{50A1CD40-8259-4D11-B450-02E1D680BC21}.Debug|Mixed Platforms.ActiveCfg = Debug|Win32
		{50A1CD40-8259-4D11-B450-02E1D680BC21}.Debug|Mixed Platforms.Build.0 = Debug|Win32
		{50A1CD40-8259-4D11-B450-02E1D680BC21}.Debug|Win32.ActiveCfg = Debug|Win32
		{50A1CD40-8259-4D11-B450-02E1D680BC21}.Debug|Win32.Build.0 = Debug|Win32
		{50A1CD40-8259-4D11-B450-02E1D680BC21}.Release|Any CPU.ActiveCfg = Release|Win32
		{50A1CD40-8259-4D11-B450-02E1D680BC21}.Release|Mixed Platforms.ActiveCfg = Release|Win32
		{50A1CD40-8259-4D11-B450-02E1D680BC21}.Release|Mixed Platforms.Build.0 = Release|Win32
		{50A1CD40-8259-4D11-B450-02E1D680BC21}.Release|Win32.ActiveCfg = Release|Win32
		{50A1CD40-8259-4D11-B450-02E1D680BC21}.Release|Win32.Build.0 = Release|Win32
	EndGlobalSection
	GlobalSection(SolutionProperties) = preSolution
		HideSolutionNode = FALSE
	EndGlobalSection
	GlobalSection(Performance) = preSolution
		HasPerformanceSessions = true
	EndGlobalSection
EndGlobal
